// !$*UTF8*$!
{
	archiveVersion = 1;
	classes = {
	};
	objectVersion = 48;
	objects = {

/* Begin PBXBuildFile section */
		213F650320B8607000DCE8E0 /* NavigationView+Style.swift in Sources */ = {isa = PBXBuildFile; fileRef = 213F650220B8607000DCE8E0 /* NavigationView+Style.swift */; };
		2170141120B71AD0001315DB /* today_outline.pdf in Resources */ = {isa = PBXBuildFile; fileRef = 217013DC20B71AD0001315DB /* today_outline.pdf */; };
		2170141220B71AD0001315DB /* work.pdf in Resources */ = {isa = PBXBuildFile; fileRef = 217013DD20B71AD0001315DB /* work.pdf */; };
		2170141320B71AD0001315DB /* today.pdf in Resources */ = {isa = PBXBuildFile; fileRef = 217013DE20B71AD0001315DB /* today.pdf */; };
		2170141420B71AD0001315DB /* dots.pdf in Resources */ = {isa = PBXBuildFile; fileRef = 217013DF20B71AD0001315DB /* dots.pdf */; };
		2170141520B71AD0001315DB /* timer.pdf in Resources */ = {isa = PBXBuildFile; fileRef = 217013E020B71AD0001315DB /* timer.pdf */; };
		2170141620B71AD0001315DB /* personal_outline.pdf in Resources */ = {isa = PBXBuildFile; fileRef = 217013E120B71AD0001315DB /* personal_outline.pdf */; };
		2170141720B71AD0001315DB /* checkbox.pdf in Resources */ = {isa = PBXBuildFile; fileRef = 217013E220B71AD0001315DB /* checkbox.pdf */; };
		2170141820B71AD0001315DB /* personal.pdf in Resources */ = {isa = PBXBuildFile; fileRef = 217013E320B71AD0001315DB /* personal.pdf */; };
		2170141920B71AD0001315DB /* work_outline.pdf in Resources */ = {isa = PBXBuildFile; fileRef = 217013E420B71AD0001315DB /* work_outline.pdf */; };
		2170141A20B71AD0001315DB /* background1.pdf in Resources */ = {isa = PBXBuildFile; fileRef = 217013E620B71AD0001315DB /* background1.pdf */; };
		2170141B20B71AD0001315DB /* background3.pdf in Resources */ = {isa = PBXBuildFile; fileRef = 217013E720B71AD0001315DB /* background3.pdf */; };
		2170141C20B71AD0001315DB /* background2.pdf in Resources */ = {isa = PBXBuildFile; fileRef = 217013E820B71AD0001315DB /* background2.pdf */; };
		2170141D20B71AD0001315DB /* search.pdf in Resources */ = {isa = PBXBuildFile; fileRef = 217013EA20B71AD0001315DB /* search.pdf */; };
		2170141E20B71AD0001315DB /* cross.pdf in Resources */ = {isa = PBXBuildFile; fileRef = 217013EB20B71AD0001315DB /* cross.pdf */; };
		2170141F20B71AD0001315DB /* navigationDots.pdf in Resources */ = {isa = PBXBuildFile; fileRef = 217013EC20B71AD0001315DB /* navigationDots.pdf */; };
		2170142020B71AD0001315DB /* burger.pdf in Resources */ = {isa = PBXBuildFile; fileRef = 217013ED20B71AD0001315DB /* burger.pdf */; };
		2170142120B71AD0001315DB /* back.pdf in Resources */ = {isa = PBXBuildFile; fileRef = 217013EE20B71AD0001315DB /* back.pdf */; };
		2170142220B71AD0001315DB /* Assets.xcassets in Resources */ = {isa = PBXBuildFile; fileRef = 217013EF20B71AD0001315DB /* Assets.xcassets */; };
		2170142320B71AD0001315DB /* Project.swift in Sources */ = {isa = PBXBuildFile; fileRef = 217013F120B71AD0001315DB /* Project.swift */; };
		2170142420B71AD0001315DB /* UIFont+Ext.swift in Sources */ = {isa = PBXBuildFile; fileRef = 217013F320B71AD0001315DB /* UIFont+Ext.swift */; };
		2170142520B71AD0001315DB /* Double+Ext.swift in Sources */ = {isa = PBXBuildFile; fileRef = 217013F420B71AD0001315DB /* Double+Ext.swift */; };
		2170142620B71AD0001315DB /* UIButton+Ext.swift in Sources */ = {isa = PBXBuildFile; fileRef = 217013F520B71AD0001315DB /* UIButton+Ext.swift */; };
		2170142720B71AD0001315DB /* UIColor+Ext.swift in Sources */ = {isa = PBXBuildFile; fileRef = 217013F620B71AD0001315DB /* UIColor+Ext.swift */; };
		2170142820B71AD0001315DB /* HomeView.swift in Sources */ = {isa = PBXBuildFile; fileRef = 217013F920B71AD0001315DB /* HomeView.swift */; };
		2170142920B71AD0001315DB /* ProjectView.swift in Sources */ = {isa = PBXBuildFile; fileRef = 217013FA20B71AD0001315DB /* ProjectView.swift */; };
		2170142A20B71AD0001315DB /* HomeVC.swift in Sources */ = {isa = PBXBuildFile; fileRef = 217013FB20B71AD0001315DB /* HomeVC.swift */; };
		2170142B20B71AD0001315DB /* ProjectTasksCell.swift in Sources */ = {isa = PBXBuildFile; fileRef = 217013FC20B71AD0001315DB /* ProjectTasksCell.swift */; };
		2170142C20B71AD0001315DB /* NewTaskVC.swift in Sources */ = {isa = PBXBuildFile; fileRef = 217013FE20B71AD0001315DB /* NewTaskVC.swift */; };
		2170142D20B71AD0001315DB /* NewTaskAnimator.swift in Sources */ = {isa = PBXBuildFile; fileRef = 217013FF20B71AD0001315DB /* NewTaskAnimator.swift */; };
		2170142E20B71AD0001315DB /* NewTaskView.swift in Sources */ = {isa = PBXBuildFile; fileRef = 2170140020B71AD0001315DB /* NewTaskView.swift */; };
		2170142F20B71AD0001315DB /* TaskSectionHeader.swift in Sources */ = {isa = PBXBuildFile; fileRef = 2170140320B71AD0001315DB /* TaskSectionHeader.swift */; };
		2170143020B71AD0001315DB /* TaskCell.swift in Sources */ = {isa = PBXBuildFile; fileRef = 2170140420B71AD0001315DB /* TaskCell.swift */; };
		2170143120B71AD0001315DB /* ProjectAnimator.swift in Sources */ = {isa = PBXBuildFile; fileRef = 2170140520B71AD0001315DB /* ProjectAnimator.swift */; };
		2170143220B71AD0001315DB /* ProjectTasksView.swift in Sources */ = {isa = PBXBuildFile; fileRef = 2170140620B71AD0001315DB /* ProjectTasksView.swift */; };
		2170143320B71AD0001315DB /* ProjectTasksVC.swift in Sources */ = {isa = PBXBuildFile; fileRef = 2170140720B71AD0001315DB /* ProjectTasksVC.swift */; };
		2170143420B71AD0001315DB /* DebugVC.swift in Sources */ = {isa = PBXBuildFile; fileRef = 2170140920B71AD0001315DB /* DebugVC.swift */; };
		2170143520B71AD0001315DB /* AppDelegate.swift in Sources */ = {isa = PBXBuildFile; fileRef = 2170140A20B71AD0001315DB /* AppDelegate.swift */; };
		2170143720B71AD0001315DB /* NavigationView.swift in Sources */ = {isa = PBXBuildFile; fileRef = 2170140D20B71AD0001315DB /* NavigationView.swift */; };
		2170143820B71AD0001315DB /* BaseView.swift in Sources */ = {isa = PBXBuildFile; fileRef = 2170140E20B71AD0001315DB /* BaseView.swift */; };
		218BEE9920B806720009397E /* Task.swift in Sources */ = {isa = PBXBuildFile; fileRef = 218BEE9820B806720009397E /* Task.swift */; };
		218BEE9B20B83A0D0009397E /* Localizable.strings in Resources */ = {isa = PBXBuildFile; fileRef = 218BEE9A20B83A0D0009397E /* Localizable.strings */; };
		218BEEA020B83E330009397E /* Date+Ext.swift in Sources */ = {isa = PBXBuildFile; fileRef = 218BEE9F20B83E330009397E /* Date+Ext.swift */; };
		218BEEA320B8453A0009397E /* R.generated.swift in Sources */ = {isa = PBXBuildFile; fileRef = 218BEEA220B8453A0009397E /* R.generated.swift */; };
		218BEEA520B8483F0009397E /* Constants.swift in Sources */ = {isa = PBXBuildFile; fileRef = 218BEEA420B8483F0009397E /* Constants.swift */; };
		DF29FE5D6BE0B49B6DEA1AAD /* Pods_TODO.framework in Frameworks */ = {isa = PBXBuildFile; fileRef = A3D5ADC8E769AF16D2F1E2C0 /* Pods_TODO.framework */; };
/* End PBXBuildFile section */

/* Begin PBXFileReference section */
		213F650220B8607000DCE8E0 /* NavigationView+Style.swift */ = {isa = PBXFileReference; lastKnownFileType = sourcecode.swift; path = "NavigationView+Style.swift"; sourceTree = "<group>"; };
		217013DC20B71AD0001315DB /* today_outline.pdf */ = {isa = PBXFileReference; lastKnownFileType = image.pdf; path = today_outline.pdf; sourceTree = "<group>"; };
		217013DD20B71AD0001315DB /* work.pdf */ = {isa = PBXFileReference; lastKnownFileType = image.pdf; path = work.pdf; sourceTree = "<group>"; };
		217013DE20B71AD0001315DB /* today.pdf */ = {isa = PBXFileReference; lastKnownFileType = image.pdf; path = today.pdf; sourceTree = "<group>"; };
		217013DF20B71AD0001315DB /* dots.pdf */ = {isa = PBXFileReference; lastKnownFileType = image.pdf; path = dots.pdf; sourceTree = "<group>"; };
		217013E020B71AD0001315DB /* timer.pdf */ = {isa = PBXFileReference; lastKnownFileType = image.pdf; path = timer.pdf; sourceTree = "<group>"; };
		217013E120B71AD0001315DB /* personal_outline.pdf */ = {isa = PBXFileReference; lastKnownFileType = image.pdf; path = personal_outline.pdf; sourceTree = "<group>"; };
		217013E220B71AD0001315DB /* checkbox.pdf */ = {isa = PBXFileReference; lastKnownFileType = image.pdf; path = checkbox.pdf; sourceTree = "<group>"; };
		217013E320B71AD0001315DB /* personal.pdf */ = {isa = PBXFileReference; lastKnownFileType = image.pdf; path = personal.pdf; sourceTree = "<group>"; };
		217013E420B71AD0001315DB /* work_outline.pdf */ = {isa = PBXFileReference; lastKnownFileType = image.pdf; path = work_outline.pdf; sourceTree = "<group>"; };
		217013E620B71AD0001315DB /* background1.pdf */ = {isa = PBXFileReference; lastKnownFileType = image.pdf; path = background1.pdf; sourceTree = "<group>"; };
		217013E720B71AD0001315DB /* background3.pdf */ = {isa = PBXFileReference; lastKnownFileType = image.pdf; path = background3.pdf; sourceTree = "<group>"; };
		217013E820B71AD0001315DB /* background2.pdf */ = {isa = PBXFileReference; lastKnownFileType = image.pdf; path = background2.pdf; sourceTree = "<group>"; };
		217013EA20B71AD0001315DB /* search.pdf */ = {isa = PBXFileReference; lastKnownFileType = image.pdf; path = search.pdf; sourceTree = "<group>"; };
		217013EB20B71AD0001315DB /* cross.pdf */ = {isa = PBXFileReference; lastKnownFileType = image.pdf; path = cross.pdf; sourceTree = "<group>"; };
		217013EC20B71AD0001315DB /* navigationDots.pdf */ = {isa = PBXFileReference; lastKnownFileType = image.pdf; path = navigationDots.pdf; sourceTree = "<group>"; };
		217013ED20B71AD0001315DB /* burger.pdf */ = {isa = PBXFileReference; lastKnownFileType = image.pdf; path = burger.pdf; sourceTree = "<group>"; };
		217013EE20B71AD0001315DB /* back.pdf */ = {isa = PBXFileReference; lastKnownFileType = image.pdf; path = back.pdf; sourceTree = "<group>"; };
		217013EF20B71AD0001315DB /* Assets.xcassets */ = {isa = PBXFileReference; lastKnownFileType = folder.assetcatalog; path = Assets.xcassets; sourceTree = "<group>"; };
		217013F120B71AD0001315DB /* Project.swift */ = {isa = PBXFileReference; fileEncoding = 4; lastKnownFileType = sourcecode.swift; path = Project.swift; sourceTree = "<group>"; };
		217013F320B71AD0001315DB /* UIFont+Ext.swift */ = {isa = PBXFileReference; fileEncoding = 4; lastKnownFileType = sourcecode.swift; path = "UIFont+Ext.swift"; sourceTree = "<group>"; };
		217013F420B71AD0001315DB /* Double+Ext.swift */ = {isa = PBXFileReference; fileEncoding = 4; lastKnownFileType = sourcecode.swift; path = "Double+Ext.swift"; sourceTree = "<group>"; };
		217013F520B71AD0001315DB /* UIButton+Ext.swift */ = {isa = PBXFileReference; fileEncoding = 4; lastKnownFileType = sourcecode.swift; path = "UIButton+Ext.swift"; sourceTree = "<group>"; };
		217013F620B71AD0001315DB /* UIColor+Ext.swift */ = {isa = PBXFileReference; fileEncoding = 4; lastKnownFileType = sourcecode.swift; path = "UIColor+Ext.swift"; sourceTree = "<group>"; };
		217013F920B71AD0001315DB /* HomeView.swift */ = {isa = PBXFileReference; fileEncoding = 4; lastKnownFileType = sourcecode.swift; path = HomeView.swift; sourceTree = "<group>"; };
		217013FA20B71AD0001315DB /* ProjectView.swift */ = {isa = PBXFileReference; fileEncoding = 4; lastKnownFileType = sourcecode.swift; path = ProjectView.swift; sourceTree = "<group>"; };
		217013FB20B71AD0001315DB /* HomeVC.swift */ = {isa = PBXFileReference; fileEncoding = 4; lastKnownFileType = sourcecode.swift; path = HomeVC.swift; sourceTree = "<group>"; };
		217013FC20B71AD0001315DB /* ProjectTasksCell.swift */ = {isa = PBXFileReference; fileEncoding = 4; lastKnownFileType = sourcecode.swift; path = ProjectTasksCell.swift; sourceTree = "<group>"; };
		217013FE20B71AD0001315DB /* NewTaskVC.swift */ = {isa = PBXFileReference; fileEncoding = 4; lastKnownFileType = sourcecode.swift; path = NewTaskVC.swift; sourceTree = "<group>"; };
		217013FF20B71AD0001315DB /* NewTaskAnimator.swift */ = {isa = PBXFileReference; fileEncoding = 4; lastKnownFileType = sourcecode.swift; path = NewTaskAnimator.swift; sourceTree = "<group>"; };
		2170140020B71AD0001315DB /* NewTaskView.swift */ = {isa = PBXFileReference; fileEncoding = 4; lastKnownFileType = sourcecode.swift; path = NewTaskView.swift; sourceTree = "<group>"; };
		2170140320B71AD0001315DB /* TaskSectionHeader.swift */ = {isa = PBXFileReference; fileEncoding = 4; lastKnownFileType = sourcecode.swift; path = TaskSectionHeader.swift; sourceTree = "<group>"; };
		2170140420B71AD0001315DB /* TaskCell.swift */ = {isa = PBXFileReference; fileEncoding = 4; lastKnownFileType = sourcecode.swift; path = TaskCell.swift; sourceTree = "<group>"; };
		2170140520B71AD0001315DB /* ProjectAnimator.swift */ = {isa = PBXFileReference; fileEncoding = 4; lastKnownFileType = sourcecode.swift; path = ProjectAnimator.swift; sourceTree = "<group>"; };
		2170140620B71AD0001315DB /* ProjectTasksView.swift */ = {isa = PBXFileReference; fileEncoding = 4; lastKnownFileType = sourcecode.swift; path = ProjectTasksView.swift; sourceTree = "<group>"; };
		2170140720B71AD0001315DB /* ProjectTasksVC.swift */ = {isa = PBXFileReference; fileEncoding = 4; lastKnownFileType = sourcecode.swift; path = ProjectTasksVC.swift; sourceTree = "<group>"; };
		2170140920B71AD0001315DB /* DebugVC.swift */ = {isa = PBXFileReference; fileEncoding = 4; lastKnownFileType = sourcecode.swift; path = DebugVC.swift; sourceTree = "<group>"; };
		2170140A20B71AD0001315DB /* AppDelegate.swift */ = {isa = PBXFileReference; fileEncoding = 4; lastKnownFileType = sourcecode.swift; path = AppDelegate.swift; sourceTree = "<group>"; };
		2170140B20B71AD0001315DB /* Info.plist */ = {isa = PBXFileReference; fileEncoding = 4; lastKnownFileType = text.plist.xml; path = Info.plist; sourceTree = "<group>"; };
		2170140D20B71AD0001315DB /* NavigationView.swift */ = {isa = PBXFileReference; fileEncoding = 4; lastKnownFileType = sourcecode.swift; path = NavigationView.swift; sourceTree = "<group>"; };
		2170140E20B71AD0001315DB /* BaseView.swift */ = {isa = PBXFileReference; fileEncoding = 4; lastKnownFileType = sourcecode.swift; path = BaseView.swift; sourceTree = "<group>"; };
		218BEE9820B806720009397E /* Task.swift */ = {isa = PBXFileReference; lastKnownFileType = sourcecode.swift; path = Task.swift; sourceTree = "<group>"; };
		218BEE9A20B83A0D0009397E /* Localizable.strings */ = {isa = PBXFileReference; lastKnownFileType = text.plist.strings; path = Localizable.strings; sourceTree = "<group>"; };
		218BEE9F20B83E330009397E /* Date+Ext.swift */ = {isa = PBXFileReference; lastKnownFileType = sourcecode.swift; path = "Date+Ext.swift"; sourceTree = "<group>"; };
		218BEEA220B8453A0009397E /* R.generated.swift */ = {isa = PBXFileReference; fileEncoding = 4; lastKnownFileType = sourcecode.swift; path = R.generated.swift; sourceTree = SOURCE_ROOT; };
		218BEEA420B8483F0009397E /* Constants.swift */ = {isa = PBXFileReference; lastKnownFileType = sourcecode.swift; path = Constants.swift; sourceTree = "<group>"; };
		A3D5ADC8E769AF16D2F1E2C0 /* Pods_TODO.framework */ = {isa = PBXFileReference; explicitFileType = wrapper.framework; includeInIndex = 0; path = Pods_TODO.framework; sourceTree = BUILT_PRODUCTS_DIR; };
		B18D3302200E480400936B73 /* TODO.app */ = {isa = PBXFileReference; explicitFileType = wrapper.application; includeInIndex = 0; path = TODO.app; sourceTree = BUILT_PRODUCTS_DIR; };
		B4E8F5D4692AF052E6924A50 /* Pods-TODO.debug.xcconfig */ = {isa = PBXFileReference; includeInIndex = 1; lastKnownFileType = text.xcconfig; name = "Pods-TODO.debug.xcconfig"; path = "Pods/Target Support Files/Pods-TODO/Pods-TODO.debug.xcconfig"; sourceTree = "<group>"; };
		DEC9FAC1FFB941C936222E9A /* Pods-TODO.release.xcconfig */ = {isa = PBXFileReference; includeInIndex = 1; lastKnownFileType = text.xcconfig; name = "Pods-TODO.release.xcconfig"; path = "Pods/Target Support Files/Pods-TODO/Pods-TODO.release.xcconfig"; sourceTree = "<group>"; };
/* End PBXFileReference section */

/* Begin PBXFrameworksBuildPhase section */
		B18D32FF200E480400936B73 /* Frameworks */ = {
			isa = PBXFrameworksBuildPhase;
			buildActionMask = 2147483647;
			files = (
				DF29FE5D6BE0B49B6DEA1AAD /* Pods_TODO.framework in Frameworks */,
			);
			runOnlyForDeploymentPostprocessing = 0;
		};
/* End PBXFrameworksBuildPhase section */

/* Begin PBXGroup section */
		213F650120B8605B00DCE8E0 /* NavigationView */ = {
			isa = PBXGroup;
			children = (
				2170140D20B71AD0001315DB /* NavigationView.swift */,
				213F650220B8607000DCE8E0 /* NavigationView+Style.swift */,
			);
			path = NavigationView;
			sourceTree = "<group>";
		};
		217013D620B71AD0001315DB /* TODO */ = {
			isa = PBXGroup;
			children = (
				217013D820B71AD0001315DB /* Resources */,
				217013F020B71AD0001315DB /* Models */,
				217013F220B71AD0001315DB /* Extensions */,
				217013F720B71AD0001315DB /* UserStories */,
				2170143920B71ADD001315DB /* Application */,
				2170140C20B71AD0001315DB /* ReusableViews */,
			);
			path = TODO;
			sourceTree = "<group>";
		};
		217013D820B71AD0001315DB /* Resources */ = {
			isa = PBXGroup;
			children = (
				217013EF20B71AD0001315DB /* Assets.xcassets */,
				217013D920B71AD0001315DB /* Images */,
				218BEE9C20B83A4F0009397E /* Localization */,
			);
			path = Resources;
			sourceTree = "<group>";
		};
		217013D920B71AD0001315DB /* Images */ = {
			isa = PBXGroup;
			children = (
				217013DB20B71AD0001315DB /* Cell */,
				217013E520B71AD0001315DB /* Backgrounds */,
				217013E920B71AD0001315DB /* Navigation Items */,
			);
			path = Images;
			sourceTree = "<group>";
		};
		217013DB20B71AD0001315DB /* Cell */ = {
			isa = PBXGroup;
			children = (
				217013DC20B71AD0001315DB /* today_outline.pdf */,
				217013DD20B71AD0001315DB /* work.pdf */,
				217013DE20B71AD0001315DB /* today.pdf */,
				217013DF20B71AD0001315DB /* dots.pdf */,
				217013E020B71AD0001315DB /* timer.pdf */,
				217013E120B71AD0001315DB /* personal_outline.pdf */,
				217013E220B71AD0001315DB /* checkbox.pdf */,
				217013E320B71AD0001315DB /* personal.pdf */,
				217013E420B71AD0001315DB /* work_outline.pdf */,
			);
			path = Cell;
			sourceTree = "<group>";
		};
		217013E520B71AD0001315DB /* Backgrounds */ = {
			isa = PBXGroup;
			children = (
				217013E620B71AD0001315DB /* background1.pdf */,
				217013E720B71AD0001315DB /* background3.pdf */,
				217013E820B71AD0001315DB /* background2.pdf */,
			);
			path = Backgrounds;
			sourceTree = "<group>";
		};
		217013E920B71AD0001315DB /* Navigation Items */ = {
			isa = PBXGroup;
			children = (
				217013EA20B71AD0001315DB /* search.pdf */,
				217013EB20B71AD0001315DB /* cross.pdf */,
				217013EC20B71AD0001315DB /* navigationDots.pdf */,
				217013ED20B71AD0001315DB /* burger.pdf */,
				217013EE20B71AD0001315DB /* back.pdf */,
			);
			path = "Navigation Items";
			sourceTree = "<group>";
		};
		217013F020B71AD0001315DB /* Models */ = {
			isa = PBXGroup;
			children = (
				217013F120B71AD0001315DB /* Project.swift */,
				218BEE9820B806720009397E /* Task.swift */,
			);
			path = Models;
			sourceTree = "<group>";
		};
		217013F220B71AD0001315DB /* Extensions */ = {
			isa = PBXGroup;
			children = (
				217013F320B71AD0001315DB /* UIFont+Ext.swift */,
				217013F420B71AD0001315DB /* Double+Ext.swift */,
				217013F520B71AD0001315DB /* UIButton+Ext.swift */,
				217013F620B71AD0001315DB /* UIColor+Ext.swift */,
				218BEE9F20B83E330009397E /* Date+Ext.swift */,
				218BEEA420B8483F0009397E /* Constants.swift */,
			);
			path = Extensions;
			sourceTree = "<group>";
		};
		217013F720B71AD0001315DB /* UserStories */ = {
			isa = PBXGroup;
			children = (
				217013F820B71AD0001315DB /* Home */,
				217013FD20B71AD0001315DB /* NewTask */,
				2170140120B71AD0001315DB /* ProjectTasks */,
				2170140820B71AD0001315DB /* Debug */,
			);
			path = UserStories;
			sourceTree = "<group>";
		};
		217013F820B71AD0001315DB /* Home */ = {
			isa = PBXGroup;
			children = (
				217013F920B71AD0001315DB /* HomeView.swift */,
				217013FA20B71AD0001315DB /* ProjectView.swift */,
				217013FB20B71AD0001315DB /* HomeVC.swift */,
				217013FC20B71AD0001315DB /* ProjectTasksCell.swift */,
			);
			path = Home;
			sourceTree = "<group>";
		};
		217013FD20B71AD0001315DB /* NewTask */ = {
			isa = PBXGroup;
			children = (
				217013FE20B71AD0001315DB /* NewTaskVC.swift */,
				217013FF20B71AD0001315DB /* NewTaskAnimator.swift */,
				2170140020B71AD0001315DB /* NewTaskView.swift */,
			);
			path = NewTask;
			sourceTree = "<group>";
		};
		2170140120B71AD0001315DB /* ProjectTasks */ = {
			isa = PBXGroup;
			children = (
				2170140220B71AD0001315DB /* Cell */,
				2170140520B71AD0001315DB /* ProjectAnimator.swift */,
				2170140620B71AD0001315DB /* ProjectTasksView.swift */,
				2170140720B71AD0001315DB /* ProjectTasksVC.swift */,
			);
			path = ProjectTasks;
			sourceTree = "<group>";
		};
		2170140220B71AD0001315DB /* Cell */ = {
			isa = PBXGroup;
			children = (
				2170140320B71AD0001315DB /* TaskSectionHeader.swift */,
				2170140420B71AD0001315DB /* TaskCell.swift */,
			);
			path = Cell;
			sourceTree = "<group>";
		};
		2170140820B71AD0001315DB /* Debug */ = {
			isa = PBXGroup;
			children = (
				2170140920B71AD0001315DB /* DebugVC.swift */,
			);
			path = Debug;
			sourceTree = "<group>";
		};
		2170140C20B71AD0001315DB /* ReusableViews */ = {
			isa = PBXGroup;
			children = (
				213F650120B8605B00DCE8E0 /* NavigationView */,
				2170140E20B71AD0001315DB /* BaseView.swift */,
			);
			path = ReusableViews;
			sourceTree = "<group>";
		};
		2170143920B71ADD001315DB /* Application */ = {
			isa = PBXGroup;
			children = (
				218BEEA220B8453A0009397E /* R.generated.swift */,
				2170140A20B71AD0001315DB /* AppDelegate.swift */,
				2170140B20B71AD0001315DB /* Info.plist */,
			);
			path = Application;
			sourceTree = "<group>";
		};
		218BEE9C20B83A4F0009397E /* Localization */ = {
			isa = PBXGroup;
			children = (
				218BEE9A20B83A0D0009397E /* Localizable.strings */,
			);
			path = Localization;
			sourceTree = "<group>";
		};
		433CFAFECF1E4253A4EDE9B3 /* Pods */ = {
			isa = PBXGroup;
			children = (
				B4E8F5D4692AF052E6924A50 /* Pods-TODO.debug.xcconfig */,
				DEC9FAC1FFB941C936222E9A /* Pods-TODO.release.xcconfig */,
			);
			name = Pods;
			sourceTree = "<group>";
		};
		B18D32F9200E480300936B73 = {
			isa = PBXGroup;
			children = (
				217013D620B71AD0001315DB /* TODO */,
				B18D3303200E480400936B73 /* Products */,
				433CFAFECF1E4253A4EDE9B3 /* Pods */,
				DF2F8DFF517C8128E9EE39B6 /* Frameworks */,
			);
			sourceTree = "<group>";
		};
		B18D3303200E480400936B73 /* Products */ = {
			isa = PBXGroup;
			children = (
				B18D3302200E480400936B73 /* TODO.app */,
			);
			name = Products;
			sourceTree = "<group>";
		};
		DF2F8DFF517C8128E9EE39B6 /* Frameworks */ = {
			isa = PBXGroup;
			children = (
				A3D5ADC8E769AF16D2F1E2C0 /* Pods_TODO.framework */,
			);
			name = Frameworks;
			sourceTree = "<group>";
		};
/* End PBXGroup section */

/* Begin PBXNativeTarget section */
		B18D3301200E480400936B73 /* TODO */ = {
			isa = PBXNativeTarget;
			buildConfigurationList = B18D3314200E480400936B73 /* Build configuration list for PBXNativeTarget "TODO" */;
			buildPhases = (
				91DA76162B0359CD65B05B71 /* [CP] Check Pods Manifest.lock */,
				218BEEA120B844B50009397E /* R.swift */,
				B18D32FE200E480400936B73 /* Sources */,
				B18D32FF200E480400936B73 /* Frameworks */,
				B18D3300200E480400936B73 /* Resources */,
				58B73F30FA256E6AF8489C64 /* [CP] Embed Pods Frameworks */,
			);
			buildRules = (
			);
			dependencies = (
			);
			name = TODO;
			productName = TODO;
			productReference = B18D3302200E480400936B73 /* TODO.app */;
			productType = "com.apple.product-type.application";
		};
/* End PBXNativeTarget section */

/* Begin PBXProject section */
		B18D32FA200E480300936B73 /* Project object */ = {
			isa = PBXProject;
			attributes = {
				LastSwiftUpdateCheck = 0920;
				LastUpgradeCheck = 0930;
				ORGANIZATIONNAME = "Simon Kostenko";
				TargetAttributes = {
					B18D3301200E480400936B73 = {
						CreatedOnToolsVersion = 9.2;
						ProvisioningStyle = Automatic;
					};
				};
			};
			buildConfigurationList = B18D32FD200E480300936B73 /* Build configuration list for PBXProject "TODO" */;
			compatibilityVersion = "Xcode 8.0";
			developmentRegion = en;
			hasScannedForEncodings = 0;
			knownRegions = (
				en,
				Base,
			);
			mainGroup = B18D32F9200E480300936B73;
			productRefGroup = B18D3303200E480400936B73 /* Products */;
			projectDirPath = "";
			projectRoot = "";
			targets = (
				B18D3301200E480400936B73 /* TODO */,
			);
		};
/* End PBXProject section */

/* Begin PBXResourcesBuildPhase section */
		B18D3300200E480400936B73 /* Resources */ = {
			isa = PBXResourcesBuildPhase;
			buildActionMask = 2147483647;
			files = (
				2170141C20B71AD0001315DB /* background2.pdf in Resources */,
				2170141A20B71AD0001315DB /* background1.pdf in Resources */,
				2170142220B71AD0001315DB /* Assets.xcassets in Resources */,
				2170141120B71AD0001315DB /* today_outline.pdf in Resources */,
				2170141F20B71AD0001315DB /* navigationDots.pdf in Resources */,
				2170141D20B71AD0001315DB /* search.pdf in Resources */,
				2170141920B71AD0001315DB /* work_outline.pdf in Resources */,
				2170141520B71AD0001315DB /* timer.pdf in Resources */,
				2170141720B71AD0001315DB /* checkbox.pdf in Resources */,
				2170141320B71AD0001315DB /* today.pdf in Resources */,
				2170141620B71AD0001315DB /* personal_outline.pdf in Resources */,
				2170141220B71AD0001315DB /* work.pdf in Resources */,
				2170141420B71AD0001315DB /* dots.pdf in Resources */,
				2170141E20B71AD0001315DB /* cross.pdf in Resources */,
				2170141B20B71AD0001315DB /* background3.pdf in Resources */,
				2170141820B71AD0001315DB /* personal.pdf in Resources */,
				218BEE9B20B83A0D0009397E /* Localizable.strings in Resources */,
				2170142020B71AD0001315DB /* burger.pdf in Resources */,
				2170142120B71AD0001315DB /* back.pdf in Resources */,
			);
			runOnlyForDeploymentPostprocessing = 0;
		};
/* End PBXResourcesBuildPhase section */

/* Begin PBXShellScriptBuildPhase section */
		218BEEA120B844B50009397E /* R.swift */ = {
			isa = PBXShellScriptBuildPhase;
			buildActionMask = 2147483647;
			files = (
			);
			inputPaths = (
			);
			name = R.swift;
			outputPaths = (
			);
			runOnlyForDeploymentPostprocessing = 0;
			shellPath = /bin/sh;
			shellScript = "\"$PODS_ROOT/R.swift/rswift\" generate \"$SRCROOT\"";
		};
		58B73F30FA256E6AF8489C64 /* [CP] Embed Pods Frameworks */ = {
			isa = PBXShellScriptBuildPhase;
			buildActionMask = 2147483647;
			files = (
			);
			inputPaths = (
				"${SRCROOT}/Pods/Target Support Files/Pods-TODO/Pods-TODO-frameworks.sh",
				"${BUILT_PRODUCTS_DIR}/ANODA-Alister/ANODA_Alister.framework",
				"${BUILT_PRODUCTS_DIR}/Hero/Hero.framework",
				"${BUILT_PRODUCTS_DIR}/Masonry/Masonry.framework",
				"${BUILT_PRODUCTS_DIR}/R.swift.Library/Rswift.framework",
				"${BUILT_PRODUCTS_DIR}/SnapKit/SnapKit.framework",
				"${BUILT_PRODUCTS_DIR}/UIImagePDF/UIImagePDF.framework",
				"${BUILT_PRODUCTS_DIR}/libextobjc/libextobjc.framework",
				"${BUILT_PRODUCTS_DIR}/pop/pop.framework",
			);
			name = "[CP] Embed Pods Frameworks";
			outputPaths = (
				"${TARGET_BUILD_DIR}/${FRAMEWORKS_FOLDER_PATH}/ANODA_Alister.framework",
				"${TARGET_BUILD_DIR}/${FRAMEWORKS_FOLDER_PATH}/Hero.framework",
				"${TARGET_BUILD_DIR}/${FRAMEWORKS_FOLDER_PATH}/Masonry.framework",
				"${TARGET_BUILD_DIR}/${FRAMEWORKS_FOLDER_PATH}/Rswift.framework",
				"${TARGET_BUILD_DIR}/${FRAMEWORKS_FOLDER_PATH}/SnapKit.framework",
				"${TARGET_BUILD_DIR}/${FRAMEWORKS_FOLDER_PATH}/UIImagePDF.framework",
				"${TARGET_BUILD_DIR}/${FRAMEWORKS_FOLDER_PATH}/libextobjc.framework",
				"${TARGET_BUILD_DIR}/${FRAMEWORKS_FOLDER_PATH}/pop.framework",
			);
			runOnlyForDeploymentPostprocessing = 0;
			shellPath = /bin/sh;
			shellScript = "\"${SRCROOT}/Pods/Target Support Files/Pods-TODO/Pods-TODO-frameworks.sh\"\n";
			showEnvVarsInLog = 0;
		};
		91DA76162B0359CD65B05B71 /* [CP] Check Pods Manifest.lock */ = {
			isa = PBXShellScriptBuildPhase;
			buildActionMask = 2147483647;
			files = (
			);
			inputPaths = (
				"${PODS_PODFILE_DIR_PATH}/Podfile.lock",
				"${PODS_ROOT}/Manifest.lock",
			);
			name = "[CP] Check Pods Manifest.lock";
			outputPaths = (
				"$(DERIVED_FILE_DIR)/Pods-TODO-checkManifestLockResult.txt",
			);
			runOnlyForDeploymentPostprocessing = 0;
			shellPath = /bin/sh;
			shellScript = "diff \"${PODS_PODFILE_DIR_PATH}/Podfile.lock\" \"${PODS_ROOT}/Manifest.lock\" > /dev/null\nif [ $? != 0 ] ; then\n    # print error to STDERR\n    echo \"error: The sandbox is not in sync with the Podfile.lock. Run 'pod install' or update your CocoaPods installation.\" >&2\n    exit 1\nfi\n# This output is used by Xcode 'outputs' to avoid re-running this script phase.\necho \"SUCCESS\" > \"${SCRIPT_OUTPUT_FILE_0}\"\n";
			showEnvVarsInLog = 0;
		};
/* End PBXShellScriptBuildPhase section */

/* Begin PBXSourcesBuildPhase section */
		B18D32FE200E480400936B73 /* Sources */ = {
			isa = PBXSourcesBuildPhase;
			buildActionMask = 2147483647;
			files = (
				2170142620B71AD0001315DB /* UIButton+Ext.swift in Sources */,
				2170142820B71AD0001315DB /* HomeView.swift in Sources */,
				218BEEA320B8453A0009397E /* R.generated.swift in Sources */,
				2170143120B71AD0001315DB /* ProjectAnimator.swift in Sources */,
				218BEEA020B83E330009397E /* Date+Ext.swift in Sources */,
				2170142C20B71AD0001315DB /* NewTaskVC.swift in Sources */,
				218BEE9920B806720009397E /* Task.swift in Sources */,
				218BEEA520B8483F0009397E /* Constants.swift in Sources */,
				2170142420B71AD0001315DB /* UIFont+Ext.swift in Sources */,
				2170143020B71AD0001315DB /* TaskCell.swift in Sources */,
				2170142D20B71AD0001315DB /* NewTaskAnimator.swift in Sources */,
				2170143720B71AD0001315DB /* NavigationView.swift in Sources */,
				2170142A20B71AD0001315DB /* HomeVC.swift in Sources */,
				2170143820B71AD0001315DB /* BaseView.swift in Sources */,
				2170143520B71AD0001315DB /* AppDelegate.swift in Sources */,
				2170142B20B71AD0001315DB /* ProjectTasksCell.swift in Sources */,
				2170143420B71AD0001315DB /* DebugVC.swift in Sources */,
				2170143220B71AD0001315DB /* ProjectTasksView.swift in Sources */,
				2170142E20B71AD0001315DB /* NewTaskView.swift in Sources */,
				2170142720B71AD0001315DB /* UIColor+Ext.swift in Sources */,
				213F650320B8607000DCE8E0 /* NavigationView+Style.swift in Sources */,
				2170142520B71AD0001315DB /* Double+Ext.swift in Sources */,
				2170142920B71AD0001315DB /* ProjectView.swift in Sources */,
				2170142320B71AD0001315DB /* Project.swift in Sources */,
				2170142F20B71AD0001315DB /* TaskSectionHeader.swift in Sources */,
				2170143320B71AD0001315DB /* ProjectTasksVC.swift in Sources */,
			);
			runOnlyForDeploymentPostprocessing = 0;
		};
/* End PBXSourcesBuildPhase section */

/* Begin XCBuildConfiguration section */
		B18D3312200E480400936B73 /* Debug */ = {
			isa = XCBuildConfiguration;
			buildSettings = {
				ALWAYS_SEARCH_USER_PATHS = NO;
				CLANG_ANALYZER_NONNULL = YES;
				CLANG_ANALYZER_NUMBER_OBJECT_CONVERSION = YES_AGGRESSIVE;
				CLANG_CXX_LANGUAGE_STANDARD = "gnu++14";
				CLANG_CXX_LIBRARY = "libc++";
				CLANG_ENABLE_MODULES = YES;
				CLANG_ENABLE_OBJC_ARC = YES;
				CLANG_WARN_BLOCK_CAPTURE_AUTORELEASING = YES;
				CLANG_WARN_BOOL_CONVERSION = YES;
				CLANG_WARN_COMMA = YES;
				CLANG_WARN_CONSTANT_CONVERSION = YES;
				CLANG_WARN_DEPRECATED_OBJC_IMPLEMENTATIONS = YES;
				CLANG_WARN_DIRECT_OBJC_ISA_USAGE = YES_ERROR;
				CLANG_WARN_DOCUMENTATION_COMMENTS = YES;
				CLANG_WARN_EMPTY_BODY = YES;
				CLANG_WARN_ENUM_CONVERSION = YES;
				CLANG_WARN_INFINITE_RECURSION = YES;
				CLANG_WARN_INT_CONVERSION = YES;
				CLANG_WARN_NON_LITERAL_NULL_CONVERSION = YES;
				CLANG_WARN_OBJC_IMPLICIT_RETAIN_SELF = YES;
				CLANG_WARN_OBJC_LITERAL_CONVERSION = YES;
				CLANG_WARN_OBJC_ROOT_CLASS = YES_ERROR;
				CLANG_WARN_RANGE_LOOP_ANALYSIS = YES;
				CLANG_WARN_STRICT_PROTOTYPES = YES;
				CLANG_WARN_SUSPICIOUS_MOVE = YES;
				CLANG_WARN_UNGUARDED_AVAILABILITY = YES_AGGRESSIVE;
				CLANG_WARN_UNREACHABLE_CODE = YES;
				CLANG_WARN__DUPLICATE_METHOD_MATCH = YES;
				CODE_SIGN_IDENTITY = "iPhone Developer";
				COPY_PHASE_STRIP = NO;
				DEBUG_INFORMATION_FORMAT = dwarf;
				ENABLE_STRICT_OBJC_MSGSEND = YES;
				ENABLE_TESTABILITY = YES;
				GCC_C_LANGUAGE_STANDARD = gnu11;
				GCC_DYNAMIC_NO_PIC = NO;
				GCC_NO_COMMON_BLOCKS = YES;
				GCC_OPTIMIZATION_LEVEL = 0;
				GCC_PREPROCESSOR_DEFINITIONS = (
					"DEBUG=1",
					"$(inherited)",
				);
				GCC_WARN_64_TO_32_BIT_CONVERSION = YES;
				GCC_WARN_ABOUT_RETURN_TYPE = YES_ERROR;
				GCC_WARN_UNDECLARED_SELECTOR = YES;
				GCC_WARN_UNINITIALIZED_AUTOS = YES_AGGRESSIVE;
				GCC_WARN_UNUSED_FUNCTION = YES;
				GCC_WARN_UNUSED_VARIABLE = YES;
				IPHONEOS_DEPLOYMENT_TARGET = 11.2;
				MTL_ENABLE_DEBUG_INFO = YES;
				ONLY_ACTIVE_ARCH = YES;
				SDKROOT = iphoneos;
				SWIFT_ACTIVE_COMPILATION_CONDITIONS = DEBUG;
				SWIFT_OPTIMIZATION_LEVEL = "-Onone";
			};
			name = Debug;
		};
		B18D3313200E480400936B73 /* Release */ = {
			isa = XCBuildConfiguration;
			buildSettings = {
				ALWAYS_SEARCH_USER_PATHS = NO;
				CLANG_ANALYZER_NONNULL = YES;
				CLANG_ANALYZER_NUMBER_OBJECT_CONVERSION = YES_AGGRESSIVE;
				CLANG_CXX_LANGUAGE_STANDARD = "gnu++14";
				CLANG_CXX_LIBRARY = "libc++";
				CLANG_ENABLE_MODULES = YES;
				CLANG_ENABLE_OBJC_ARC = YES;
				CLANG_WARN_BLOCK_CAPTURE_AUTORELEASING = YES;
				CLANG_WARN_BOOL_CONVERSION = YES;
				CLANG_WARN_COMMA = YES;
				CLANG_WARN_CONSTANT_CONVERSION = YES;
				CLANG_WARN_DEPRECATED_OBJC_IMPLEMENTATIONS = YES;
				CLANG_WARN_DIRECT_OBJC_ISA_USAGE = YES_ERROR;
				CLANG_WARN_DOCUMENTATION_COMMENTS = YES;
				CLANG_WARN_EMPTY_BODY = YES;
				CLANG_WARN_ENUM_CONVERSION = YES;
				CLANG_WARN_INFINITE_RECURSION = YES;
				CLANG_WARN_INT_CONVERSION = YES;
				CLANG_WARN_NON_LITERAL_NULL_CONVERSION = YES;
				CLANG_WARN_OBJC_IMPLICIT_RETAIN_SELF = YES;
				CLANG_WARN_OBJC_LITERAL_CONVERSION = YES;
				CLANG_WARN_OBJC_ROOT_CLASS = YES_ERROR;
				CLANG_WARN_RANGE_LOOP_ANALYSIS = YES;
				CLANG_WARN_STRICT_PROTOTYPES = YES;
				CLANG_WARN_SUSPICIOUS_MOVE = YES;
				CLANG_WARN_UNGUARDED_AVAILABILITY = YES_AGGRESSIVE;
				CLANG_WARN_UNREACHABLE_CODE = YES;
				CLANG_WARN__DUPLICATE_METHOD_MATCH = YES;
				CODE_SIGN_IDENTITY = "iPhone Developer";
				COPY_PHASE_STRIP = NO;
				DEBUG_INFORMATION_FORMAT = "dwarf-with-dsym";
				ENABLE_NS_ASSERTIONS = NO;
				ENABLE_STRICT_OBJC_MSGSEND = YES;
				GCC_C_LANGUAGE_STANDARD = gnu11;
				GCC_NO_COMMON_BLOCKS = YES;
				GCC_WARN_64_TO_32_BIT_CONVERSION = YES;
				GCC_WARN_ABOUT_RETURN_TYPE = YES_ERROR;
				GCC_WARN_UNDECLARED_SELECTOR = YES;
				GCC_WARN_UNINITIALIZED_AUTOS = YES_AGGRESSIVE;
				GCC_WARN_UNUSED_FUNCTION = YES;
				GCC_WARN_UNUSED_VARIABLE = YES;
				IPHONEOS_DEPLOYMENT_TARGET = 11.2;
				MTL_ENABLE_DEBUG_INFO = NO;
				SDKROOT = iphoneos;
				SWIFT_OPTIMIZATION_LEVEL = "-Owholemodule";
				VALIDATE_PRODUCT = YES;
			};
			name = Release;
		};
		B18D3315200E480400936B73 /* Debug */ = {
			isa = XCBuildConfiguration;
			baseConfigurationReference = B4E8F5D4692AF052E6924A50 /* Pods-TODO.debug.xcconfig */;
			buildSettings = {
				ASSETCATALOG_COMPILER_APPICON_NAME = AppIcon;
				ASSETCATALOG_COMPILER_LAUNCHIMAGE_NAME = LaunchImage;
				CODE_SIGN_STYLE = Automatic;
				DEVELOPMENT_TEAM = 7VYW9J77NX;
				INFOPLIST_FILE = TODO/Application/Info.plist;
				LD_RUNPATH_SEARCH_PATHS = "$(inherited) @executable_path/Frameworks";
				PRODUCT_BUNDLE_IDENTIFIER = ANODA.TODO;
				PRODUCT_NAME = "$(TARGET_NAME)";
				SWIFT_VERSION = 4.0;
				TARGETED_DEVICE_FAMILY = 1;
			};
			name = Debug;
		};
		B18D3316200E480400936B73 /* Release */ = {
			isa = XCBuildConfiguration;
			baseConfigurationReference = DEC9FAC1FFB941C936222E9A /* Pods-TODO.release.xcconfig */;
			buildSettings = {
				ASSETCATALOG_COMPILER_APPICON_NAME = AppIcon;
				ASSETCATALOG_COMPILER_LAUNCHIMAGE_NAME = LaunchImage;
				CODE_SIGN_STYLE = Automatic;
				DEVELOPMENT_TEAM = 7VYW9J77NX;
				INFOPLIST_FILE = TODO/Application/Info.plist;
				LD_RUNPATH_SEARCH_PATHS = "$(inherited) @executable_path/Frameworks";
				PRODUCT_BUNDLE_IDENTIFIER = ANODA.TODO;
				PRODUCT_NAME = "$(TARGET_NAME)";
				SWIFT_VERSION = 4.0;
				TARGETED_DEVICE_FAMILY = 1;
			};
			name = Release;
		};
/* End XCBuildConfiguration section */

/* Begin XCConfigurationList section */
		B18D32FD200E480300936B73 /* Build configuration list for PBXProject "TODO" */ = {
			isa = XCConfigurationList;
			buildConfigurations = (
				B18D3312200E480400936B73 /* Debug */,
				B18D3313200E480400936B73 /* Release */,
			);
			defaultConfigurationIsVisible = 0;
			defaultConfigurationName = Release;
		};
		B18D3314200E480400936B73 /* Build configuration list for PBXNativeTarget "TODO" */ = {
			isa = XCConfigurationList;
			buildConfigurations = (
				B18D3315200E480400936B73 /* Debug */,
				B18D3316200E480400936B73 /* Release */,
			);
			defaultConfigurationIsVisible = 0;
			defaultConfigurationName = Release;
		};
/* End XCConfigurationList section */
	};
	rootObject = B18D32FA200E480300936B73 /* Project object */;
}
